lockfileVersion: '9.0'

settings:
  autoInstallPeers: true
  excludeLinksFromLockfile: false

importers:

  .:
    dependencies:
      '@pagefind/component-ui':
        specifier: ^1.5.2
        version: 1.5.2

packages:

  '@pagefind/component-ui@1.5.2':
    resolution: {integrity: sha512-t8/aE0tan4JiKa6cyhhSt/5qrEVwAK/qlYBHFpnRoq+qaFFVrhmXFFMY+r6n4GJtVIFCN2A5nUpeLN68cYjEjw==}

  adequate-little-templates@1.0.2:
    resolution: {integrity: sha512-d0tFFG538l3Y4CElRKtticzrMr/OGohs32/nf3Ewn8rbTMBYwkVNe8mPdXWrDnMlz+ZVUFQjsTmsBD5zCtU4wg==}
    engines: {node: '>=14'}

  bcp-47@2.1.0:
    resolution: {integrity: sha512-9IIS3UPrvIa1Ej+lVDdDwO7zLehjqsaByECw0bu2RRGP73jALm6FYbzI5gWbgHLvNdkvfXB5YrSbocZdOS0c0w==}

  is-alphabetical@2.0.1:
    resolution: {integrity: sha512-FWyyY60MeTNyeSRpkM2Iry0G9hpr7/9kD40mD/cGQEuilcZYS4okz8SN2Q6rLCJ8gbCt6fN+rC+6tMGS99LaxQ==}

  is-alphanumerical@2.0.1:
    resolution: {integrity: sha512-hmbYhX/9MUMF5uh7tOXyK/n0ZvWpad5caBA17GsC6vyuCqaWliRG5K1qS9inmUhEMaOBIW7/whAnSwveW/LtZw==}

  is-decimal@2.0.1:
    resolution: {integrity: sha512-AAB9hiomQs5DXWcRB1rqsxGUstbRroFOPPVAomNk/3XHR5JyEZChOyTWe2oayKnsSsr/kcGqF+z6yuH6HHpN0A==}

snapshots:

  '@pagefind/component-ui@1.5.2':
    dependencies:
      adequate-little-templates: 1.0.2
      bcp-47: 2.1.0

  adequate-little-templates@1.0.2: {}

  bcp-47@2.1.0:
    dependencies:
      is-alphabetical: 2.0.1
      is-alphanumerical: 2.0.1
      is-decimal: 2.0.1

  is-alphabetical@2.0.1: {}

  is-alphanumerical@2.0.1:
    dependencies:
      is-alphabetical: 2.0.1
      is-decimal: 2.0.1

  is-decimal@2.0.1: {}
